// !$*UTF8*$!
{
	archiveVersion = 1;
	classes = {
	};
	objectVersion = 70;
	objects = {

/* Begin PBXBuildFile section */
		CE75F28B2C8B152C001AD0A3 /* Code_SnippetsApp.swift in Sources */ = {isa = PBXBuildFile; fileRef = CE75F28A2C8B152C001AD0A3 /* Code_SnippetsApp.swift */; };
		CE75F28F2C8B152D001AD0A3 /* Assets.xcassets in Resources */ = {isa = PBXBuildFile; fileRef = CE75F28E2C8B152D001AD0A3 /* Assets.xcassets */; };
		CE75F2922C8B152D001AD0A3 /* Preview Assets.xcassets in Resources */ = {isa = PBXBuildFile; fileRef = CE75F2912C8B152D001AD0A3 /* Preview Assets.xcassets */; };
		FA53FD2B2CBD22F800D08C95 /* FirebaseAnalytics in Frameworks */ = {isa = PBXBuildFile; productRef = FA53FD2A2CBD22F800D08C95 /* FirebaseAnalytics */; };
		FA53FD2D2CBD22F800D08C95 /* FirebaseAnalyticsOnDeviceConversion in Frameworks */ = {isa = PBXBuildFile; productRef = FA53FD2C2CBD22F800D08C95 /* FirebaseAnalyticsOnDeviceConversion */; };
		FA53FD2F2CBD22F800D08C95 /* FirebaseAnalyticsWithoutAdIdSupport in Frameworks */ = {isa = PBXBuildFile; productRef = FA53FD2E2CBD22F800D08C95 /* FirebaseAnalyticsWithoutAdIdSupport */; };
		FA53FD312CBD22F800D08C95 /* FirebaseAppCheck in Frameworks */ = {isa = PBXBuildFile; productRef = FA53FD302CBD22F800D08C95 /* FirebaseAppCheck */; };
		FA53FD332CBD22F800D08C95 /* FirebaseAppDistribution-Beta in Frameworks */ = {isa = PBXBuildFile; productRef = FA53FD322CBD22F800D08C95 /* FirebaseAppDistribution-Beta */; };
		FA53FD352CBD22F800D08C95 /* FirebaseCrashlytics in Frameworks */ = {isa = PBXBuildFile; productRef = FA53FD342CBD22F800D08C95 /* FirebaseCrashlytics */; };
		FA53FD382CBD230A00D08C95 /* FirebaseAuth in Frameworks */ = {isa = PBXBuildFile; productRef = FA53FD372CBD230A00D08C95 /* FirebaseAuth */; };
		FA53FD3A2CBD230F00D08C95 /* FirebaseStorage in Frameworks */ = {isa = PBXBuildFile; productRef = FA53FD392CBD230F00D08C95 /* FirebaseStorage */; };
		FA91B0D32CBECE10002064AE /* GoogleService-Info.plist in Resources */ = {isa = PBXBuildFile; fileRef = FA91B0D22CBECE10002064AE /* GoogleService-Info.plist */; };
/* End PBXBuildFile section */

/* Begin PBXFileReference section */
		CE75F2872C8B152C001AD0A3 /* Code Snippets.app */ = {isa = PBXFileReference; explicitFileType = wrapper.application; includeInIndex = 0; path = "Code Snippets.app"; sourceTree = BUILT_PRODUCTS_DIR; };
		CE75F28A2C8B152C001AD0A3 /* Code_SnippetsApp.swift */ = {isa = PBXFileReference; lastKnownFileType = sourcecode.swift; path = Code_SnippetsApp.swift; sourceTree = "<group>"; };
		CE75F28E2C8B152D001AD0A3 /* Assets.xcassets */ = {isa = PBXFileReference; lastKnownFileType = folder.assetcatalog; path = Assets.xcassets; sourceTree = "<group>"; };
		CE75F2912C8B152D001AD0A3 /* Preview Assets.xcassets */ = {isa = PBXFileReference; lastKnownFileType = folder.assetcatalog; path = "Preview Assets.xcassets"; sourceTree = "<group>"; };
		FA91B0D22CBECE10002064AE /* GoogleService-Info.plist */ = {isa = PBXFileReference; lastKnownFileType = text.plist.xml; path = "GoogleService-Info.plist"; sourceTree = "<group>"; };
/* End PBXFileReference section */

/* Begin PBXFileSystemSynchronizedRootGroup section */
		FA026A742CBE977200154BB5 /* ViewModel */ = {isa = PBXFileSystemSynchronizedRootGroup; explicitFileTypes = {}; explicitFolders = (); path = ViewModel; sourceTree = "<group>"; };
		FA026A752CBE977B00154BB5 /* View */ = {isa = PBXFileSystemSynchronizedRootGroup; explicitFileTypes = {}; explicitFolders = (); path = View; sourceTree = "<group>"; };
		FAF288492CBEA192009D1944 /* Model */ = {isa = PBXFileSystemSynchronizedRootGroup; explicitFileTypes = {}; explicitFolders = (); path = Model; sourceTree = "<group>"; };
/* End PBXFileSystemSynchronizedRootGroup section */

/* Begin PBXFrameworksBuildPhase section */
		CE75F2842C8B152C001AD0A3 /* Frameworks */ = {
			isa = PBXFrameworksBuildPhase;
			buildActionMask = 2147483647;
			files = (
				FA53FD312CBD22F800D08C95 /* FirebaseAppCheck in Frameworks */,
				FA53FD2B2CBD22F800D08C95 /* FirebaseAnalytics in Frameworks */,
				FA53FD332CBD22F800D08C95 /* FirebaseAppDistribution-Beta in Frameworks */,
				FA53FD352CBD22F800D08C95 /* FirebaseCrashlytics in Frameworks */,
				FA53FD2F2CBD22F800D08C95 /* FirebaseAnalyticsWithoutAdIdSupport in Frameworks */,
				FA53FD3A2CBD230F00D08C95 /* FirebaseStorage in Frameworks */,
				FA53FD382CBD230A00D08C95 /* FirebaseAuth in Frameworks */,
				FA53FD2D2CBD22F800D08C95 /* FirebaseAnalyticsOnDeviceConversion in Frameworks */,
			);
			runOnlyForDeploymentPostprocessing = 0;
		};
/* End PBXFrameworksBuildPhase section */

/* Begin PBXGroup section */
		CE75F27E2C8B152C001AD0A3 = {
			isa = PBXGroup;
			children = (
				CE75F2892C8B152C001AD0A3 /* Code Snippets */,
				FA53FD362CBD230A00D08C95 /* Frameworks */,
				CE75F2882C8B152C001AD0A3 /* Products */,
			);
			sourceTree = "<group>";
		};
		CE75F2882C8B152C001AD0A3 /* Products */ = {
			isa = PBXGroup;
			children = (
				CE75F2872C8B152C001AD0A3 /* Code Snippets.app */,
			);
			name = Products;
			sourceTree = "<group>";
		};
		CE75F2892C8B152C001AD0A3 /* Code Snippets */ = {
			isa = PBXGroup;
			children = (
				FAF288492CBEA192009D1944 /* Model */,
				FA026A752CBE977B00154BB5 /* View */,
				FA026A742CBE977200154BB5 /* ViewModel */,
				CE75F28A2C8B152C001AD0A3 /* Code_SnippetsApp.swift */,
				CE75F28E2C8B152D001AD0A3 /* Assets.xcassets */,
				CE75F2902C8B152D001AD0A3 /* Preview Content */,
				FA91B0D22CBECE10002064AE /* GoogleService-Info.plist */,
			);
			path = "Code Snippets";
			sourceTree = "<group>";
		};
		CE75F2902C8B152D001AD0A3 /* Preview Content */ = {
			isa = PBXGroup;
			children = (
				CE75F2912C8B152D001AD0A3 /* Preview Assets.xcassets */,
			);
			path = "Preview Content";
			sourceTree = "<group>";
		};
		FA53FD362CBD230A00D08C95 /* Frameworks */ = {
			isa = PBXGroup;
			children = (
			);
			name = Frameworks;
			sourceTree = "<group>";
		};
/* End PBXGroup section */

/* Begin PBXNativeTarget section */
		CE75F2862C8B152C001AD0A3 /* Code Snippets */ = {
			isa = PBXNativeTarget;
			buildConfigurationList = CE75F2952C8B152D001AD0A3 /* Build configuration list for PBXNativeTarget "Code Snippets" */;
			buildPhases = (
				CE75F2832C8B152C001AD0A3 /* Sources */,
				CE75F2842C8B152C001AD0A3 /* Frameworks */,
				CE75F2852C8B152C001AD0A3 /* Resources */,
				FA4BEC3E2CBD2C1F00F25EB0 /* ShellScript */,
			);
			buildRules = (
			);
			dependencies = (
			);
			fileSystemSynchronizedGroups = (
				FA026A742CBE977200154BB5 /* ViewModel */,
				FA026A752CBE977B00154BB5 /* View */,
				FAF288492CBEA192009D1944 /* Model */,
			);
			name = "Code Snippets";
			productName = "Code Snippets";
			productReference = CE75F2872C8B152C001AD0A3 /* Code Snippets.app */;
			productType = "com.apple.product-type.application";
		};
/* End PBXNativeTarget section */

/* Begin PBXProject section */
		CE75F27F2C8B152C001AD0A3 /* Project object */ = {
			isa = PBXProject;
			attributes = {
				BuildIndependentTargetsInParallel = 1;
				LastSwiftUpdateCheck = 1540;
				LastUpgradeCheck = 1540;
				TargetAttributes = {
					CE75F2862C8B152C001AD0A3 = {
						CreatedOnToolsVersion = 15.4;
					};
				};
			};
			buildConfigurationList = CE75F2822C8B152C001AD0A3 /* Build configuration list for PBXProject "Code Snippets" */;
			compatibilityVersion = "Xcode 14.0";
			developmentRegion = en;
			hasScannedForEncodings = 0;
			knownRegions = (
				en,
				Base,
			);
			mainGroup = CE75F27E2C8B152C001AD0A3;
			packageReferences = (
				FA53FD292CBD22F800D08C95 /* XCRemoteSwiftPackageReference "firebase-ios-sdk" */,
			);
			productRefGroup = CE75F2882C8B152C001AD0A3 /* Products */;
			projectDirPath = "";
			projectRoot = "";
			targets = (
				CE75F2862C8B152C001AD0A3 /* Code Snippets */,
			);
		};
/* End PBXProject section */

/* Begin PBXResourcesBuildPhase section */
		CE75F2852C8B152C001AD0A3 /* Resources */ = {
			isa = PBXResourcesBuildPhase;
			buildActionMask = 2147483647;
			files = (
				CE75F2922C8B152D001AD0A3 /* Preview Assets.xcassets in Resources */,
				CE75F28F2C8B152D001AD0A3 /* Assets.xcassets in Resources */,
				FA91B0D32CBECE10002064AE /* GoogleService-Info.plist in Resources */,
			);
			runOnlyForDeploymentPostprocessing = 0;
		};
/* End PBXResourcesBuildPhase section */

/* Begin PBXShellScriptBuildPhase section */
		FA4BEC3E2CBD2C1F00F25EB0 /* ShellScript */ = {
			isa = PBXShellScriptBuildPhase;
			alwaysOutOfDate = 1;
			buildActionMask = 12;
			files = (
			);
			inputFileListPaths = (
			);
			inputPaths = (
				"${DWARF_DSYM_FOLDER_PATH}/${DWARF_DSYM_FILE_NAME}",
				"${DWARF_DSYM_FOLDER_PATH}/${DWARF_DSYM_FILE_NAME}/Contents/Resources/DWARF/${PRODUCT_NAME}",
				"${DWARF_DSYM_FOLDER_PATH}/${DWARF_DSYM_FILE_NAME}/Contents/Info.plist",
				"$(TARGET_BUILD_DIR)/$(EXECUTABLE_PATH)",
				"$(TARGET_BUILD_DIR)/$(UNLOCALIZED_RESOURCES_FOLDER_PATH)/GoogleService-Info.plist",
				"",
			);
			outputFileListPaths = (
			);
			outputPaths = (
			);
			runOnlyForDeploymentPostprocessing = 0;
			shellPath = /bin/sh;
			shellScript = "\"${BUILD_DIR%/Build/*}/SourcePackages/checkouts/firebase-ios-sdk/Crashlytics/run\"\n";
			showEnvVarsInLog = 0;
		};
/* End PBXShellScriptBuildPhase section */

/* Begin PBXSourcesBuildPhase section */
		CE75F2832C8B152C001AD0A3 /* Sources */ = {
			isa = PBXSourcesBuildPhase;
			buildActionMask = 2147483647;
			files = (
				CE75F28B2C8B152C001AD0A3 /* Code_SnippetsApp.swift in Sources */,
			);
			runOnlyForDeploymentPostprocessing = 0;
		};
/* End PBXSourcesBuildPhase section */

/* Begin XCBuildConfiguration section */
		CE75F2932C8B152D001AD0A3 /* Debug */ = {
			isa = XCBuildConfiguration;
			buildSettings = {
				ALWAYS_SEARCH_USER_PATHS = NO;
				ASSETCATALOG_COMPILER_GENERATE_SWIFT_ASSET_SYMBOL_EXTENSIONS = YES;
				CLANG_ANALYZER_NONNULL = YES;
				CLANG_ANALYZER_NUMBER_OBJECT_CONVERSION = YES_AGGRESSIVE;
				CLANG_CXX_LANGUAGE_STANDARD = "gnu++20";
				CLANG_ENABLE_MODULES = YES;
				CLANG_ENABLE_OBJC_ARC = YES;
				CLANG_ENABLE_OBJC_WEAK = YES;
				CLANG_WARN_BLOCK_CAPTURE_AUTORELEASING = YES;
				CLANG_WARN_BOOL_CONVERSION = YES;
				CLANG_WARN_COMMA = YES;
				CLANG_WARN_CONSTANT_CONVERSION = YES;
				CLANG_WARN_DEPRECATED_OBJC_IMPLEMENTATIONS = YES;
				CLANG_WARN_DIRECT_OBJC_ISA_USAGE = YES_ERROR;
				CLANG_WARN_DOCUMENTATION_COMMENTS = YES;
				CLANG_WARN_EMPTY_BODY = YES;
				CLANG_WARN_ENUM_CONVERSION = YES;
				CLANG_WARN_INFINITE_RECURSION = YES;
				CLANG_WARN_INT_CONVERSION = YES;
				CLANG_WARN_NON_LITERAL_NULL_CONVERSION = YES;
				CLANG_WARN_OBJC_IMPLICIT_RETAIN_SELF = YES;
				CLANG_WARN_OBJC_LITERAL_CONVERSION = YES;
				CLANG_WARN_OBJC_ROOT_CLASS = YES_ERROR;
				CLANG_WARN_QUOTED_INCLUDE_IN_FRAMEWORK_HEADER = YES;
				CLANG_WARN_RANGE_LOOP_ANALYSIS = YES;
				CLANG_WARN_STRICT_PROTOTYPES = YES;
				CLANG_WARN_SUSPICIOUS_MOVE = YES;
				CLANG_WARN_UNGUARDED_AVAILABILITY = YES_AGGRESSIVE;
				CLANG_WARN_UNREACHABLE_CODE = YES;
				CLANG_WARN__DUPLICATE_METHOD_MATCH = YES;
				COPY_PHASE_STRIP = NO;
				DEBUG_INFORMATION_FORMAT = "dwarf-with-dsym";
				ENABLE_STRICT_OBJC_MSGSEND = YES;
				ENABLE_TESTABILITY = YES;
				ENABLE_USER_SCRIPT_SANDBOXING = YES;
				GCC_C_LANGUAGE_STANDARD = gnu17;
				GCC_DYNAMIC_NO_PIC = NO;
				GCC_NO_COMMON_BLOCKS = YES;
				GCC_OPTIMIZATION_LEVEL = 0;
				GCC_PREPROCESSOR_DEFINITIONS = (
					"DEBUG=1",
					"$(inherited)",
				);
				GCC_WARN_64_TO_32_BIT_CONVERSION = YES;
				GCC_WARN_ABOUT_RETURN_TYPE = YES_ERROR;
				GCC_WARN_UNDECLARED_SELECTOR = YES;
				GCC_WARN_UNINITIALIZED_AUTOS = YES_AGGRESSIVE;
				GCC_WARN_UNUSED_FUNCTION = YES;
				GCC_WARN_UNUSED_VARIABLE = YES;
				IPHONEOS_DEPLOYMENT_TARGET = 18.0;
				LOCALIZATION_PREFERS_STRING_CATALOGS = YES;
				MTL_ENABLE_DEBUG_INFO = INCLUDE_SOURCE;
				MTL_FAST_MATH = YES;
				ONLY_ACTIVE_ARCH = YES;
				SDKROOT = iphoneos;
				SWIFT_ACTIVE_COMPILATION_CONDITIONS = "DEBUG $(inherited)";
				SWIFT_OPTIMIZATION_LEVEL = "-Onone";
			};
			name = Debug;
		};
		CE75F2942C8B152D001AD0A3 /* Release */ = {
			isa = XCBuildConfiguration;
			buildSettings = {
				ALWAYS_SEARCH_USER_PATHS = NO;
				ASSETCATALOG_COMPILER_GENERATE_SWIFT_ASSET_SYMBOL_EXTENSIONS = YES;
				CLANG_ANALYZER_NONNULL = YES;
				CLANG_ANALYZER_NUMBER_OBJECT_CONVERSION = YES_AGGRESSIVE;
				CLANG_CXX_LANGUAGE_STANDARD = "gnu++20";
				CLANG_ENABLE_MODULES = YES;
				CLANG_ENABLE_OBJC_ARC = YES;
				CLANG_ENABLE_OBJC_WEAK = YES;
				CLANG_WARN_BLOCK_CAPTURE_AUTORELEASING = YES;
				CLANG_WARN_BOOL_CONVERSION = YES;
				CLANG_WARN_COMMA = YES;
				CLANG_WARN_CONSTANT_CONVERSION = YES;
				CLANG_WARN_DEPRECATED_OBJC_IMPLEMENTATIONS = YES;
				CLANG_WARN_DIRECT_OBJC_ISA_USAGE = YES_ERROR;
				CLANG_WARN_DOCUMENTATION_COMMENTS = YES;
				CLANG_WARN_EMPTY_BODY = YES;
				CLANG_WARN_ENUM_CONVERSION = YES;
				CLANG_WARN_INFINITE_RECURSION = YES;
				CLANG_WARN_INT_CONVERSION = YES;
				CLANG_WARN_NON_LITERAL_NULL_CONVERSION = YES;
				CLANG_WARN_OBJC_IMPLICIT_RETAIN_SELF = YES;
				CLANG_WARN_OBJC_LITERAL_CONVERSION = YES;
				CLANG_WARN_OBJC_ROOT_CLASS = YES_ERROR;
				CLANG_WARN_QUOTED_INCLUDE_IN_FRAMEWORK_HEADER = YES;
				CLANG_WARN_RANGE_LOOP_ANALYSIS = YES;
				CLANG_WARN_STRICT_PROTOTYPES = YES;
				CLANG_WARN_SUSPICIOUS_MOVE = YES;
				CLANG_WARN_UNGUARDED_AVAILABILITY = YES_AGGRESSIVE;
				CLANG_WARN_UNREACHABLE_CODE = YES;
				CLANG_WARN__DUPLICATE_METHOD_MATCH = YES;
				COPY_PHASE_STRIP = NO;
				DEBUG_INFORMATION_FORMAT = "dwarf-with-dsym";
				ENABLE_NS_ASSERTIONS = NO;
				ENABLE_STRICT_OBJC_MSGSEND = YES;
				ENABLE_TESTABILITY = YES;
				ENABLE_USER_SCRIPT_SANDBOXING = YES;
				GCC_C_LANGUAGE_STANDARD = gnu17;
				GCC_NO_COMMON_BLOCKS = YES;
				GCC_WARN_64_TO_32_BIT_CONVERSION = YES;
				GCC_WARN_ABOUT_RETURN_TYPE = YES_ERROR;
				GCC_WARN_UNDECLARED_SELECTOR = YES;
				GCC_WARN_UNINITIALIZED_AUTOS = YES_AGGRESSIVE;
				GCC_WARN_UNUSED_FUNCTION = YES;
				GCC_WARN_UNUSED_VARIABLE = YES;
				IPHONEOS_DEPLOYMENT_TARGET = 18.0;
				LOCALIZATION_PREFERS_STRING_CATALOGS = YES;
				MTL_ENABLE_DEBUG_INFO = NO;
				MTL_FAST_MATH = YES;
				SDKROOT = iphoneos;
				SWIFT_COMPILATION_MODE = wholemodule;
				VALIDATE_PRODUCT = YES;
			};
			name = Release;
		};
		CE75F2962C8B152D001AD0A3 /* Debug */ = {
			isa = XCBuildConfiguration;
			buildSettings = {
				ASSETCATALOG_COMPILER_APPICON_NAME = AppIcon;
				ASSETCATALOG_COMPILER_GLOBAL_ACCENT_COLOR_NAME = AccentColor;
				CODE_SIGN_IDENTITY = "Apple Development";
				CODE_SIGN_STYLE = Automatic;
				CURRENT_PROJECT_VERSION = 1;
				DEBUG_INFORMATION_FORMAT = "dwarf-with-dsym";
				DEVELOPMENT_ASSET_PATHS = "\"Code Snippets/Preview Content\"";
				DEVELOPMENT_TEAM = 4FM8LG4J6P;
				ENABLE_PREVIEWS = YES;
				GENERATE_INFOPLIST_FILE = YES;
				INFOPLIST_KEY_UIApplicationSceneManifest_Generation = YES;
				INFOPLIST_KEY_UIApplicationSupportsIndirectInputEvents = YES;
				INFOPLIST_KEY_UILaunchScreen_Generation = YES;
				INFOPLIST_KEY_UISupportedInterfaceOrientations = UIInterfaceOrientationPortrait;
				IPHONEOS_DEPLOYMENT_TARGET = 18.0;
				LD_RUNPATH_SEARCH_PATHS = (
					"$(inherited)",
					"@executable_path/Frameworks",
				);
				MARKETING_VERSION = 1.0;
				PRODUCT_BUNDLE_IDENTIFIER = de.neone.CodeSnipetsB20;
				PRODUCT_NAME = "$(TARGET_NAME)";
				PROVISIONING_PROFILE_SPECIFIER = "";
				SUPPORTED_PLATFORMS = "iphoneos iphonesimulator";
				SUPPORTS_MACCATALYST = NO;
				SUPPORTS_MAC_DESIGNED_FOR_IPHONE_IPAD = NO;
				SUPPORTS_XR_DESIGNED_FOR_IPHONE_IPAD = NO;
				SWIFT_EMIT_LOC_STRINGS = YES;
				SWIFT_VERSION = 5.0;
				TARGETED_DEVICE_FAMILY = 1;
			};
			name = Debug;
		};
		CE75F2972C8B152D001AD0A3 /* Release */ = {
			isa = XCBuildConfiguration;
			buildSettings = {
				ASSETCATALOG_COMPILER_APPICON_NAME = AppIcon;
				ASSETCATALOG_COMPILER_GLOBAL_ACCENT_COLOR_NAME = AccentColor;
				CODE_SIGN_IDENTITY = "Apple Development";
				CODE_SIGN_STYLE = Automatic;
				CURRENT_PROJECT_VERSION = 1;
				DEBUG_INFORMATION_FORMAT = "dwarf-with-dsym";
				DEVELOPMENT_ASSET_PATHS = "\"Code Snippets/Preview Content\"";
				DEVELOPMENT_TEAM = 4FM8LG4J6P;
				ENABLE_PREVIEWS = YES;
				GENERATE_INFOPLIST_FILE = YES;
				INFOPLIST_KEY_UIApplicationSceneManifest_Generation = YES;
				INFOPLIST_KEY_UIApplicationSupportsIndirectInputEvents = YES;
				INFOPLIST_KEY_UILaunchScreen_Generation = YES;
				INFOPLIST_KEY_UISupportedInterfaceOrientations = UIInterfaceOrientationPortrait;
				IPHONEOS_DEPLOYMENT_TARGET = 18.0;
				LD_RUNPATH_SEARCH_PATHS = (
					"$(inherited)",
					"@executable_path/Frameworks",
				);
				MARKETING_VERSION = 1.0;
				PRODUCT_BUNDLE_IDENTIFIER = de.neone.CodeSnipetsB20;
				PRODUCT_NAME = "$(TARGET_NAME)";
				PROVISIONING_PROFILE_SPECIFIER = "";
				SUPPORTED_PLATFORMS = "iphoneos iphonesimulator";
				SUPPORTS_MACCATALYST = NO;
				SUPPORTS_MAC_DESIGNED_FOR_IPHONE_IPAD = NO;
				SUPPORTS_XR_DESIGNED_FOR_IPHONE_IPAD = NO;
				SWIFT_EMIT_LOC_STRINGS = YES;
				SWIFT_VERSION = 5.0;
				TARGETED_DEVICE_FAMILY = 1;
			};
			name = Release;
		};
/* End XCBuildConfiguration section */

/* Begin XCConfigurationList section */
		CE75F2822C8B152C001AD0A3 /* Build configuration list for PBXProject "Code Snippets" */ = {
			isa = XCConfigurationList;
			buildConfigurations = (
				CE75F2932C8B152D001AD0A3 /* Debug */,
				CE75F2942C8B152D001AD0A3 /* Release */,
			);
			defaultConfigurationIsVisible = 0;
			defaultConfigurationName = Release;
		};
		CE75F2952C8B152D001AD0A3 /* Build configuration list for PBXNativeTarget "Code Snippets" */ = {
			isa = XCConfigurationList;
			buildConfigurations = (
				CE75F2962C8B152D001AD0A3 /* Debug */,
				CE75F2972C8B152D001AD0A3 /* Release */,
			);
			defaultConfigurationIsVisible = 0;
			defaultConfigurationName = Release;
		};
/* End XCConfigurationList section */

/* Begin XCRemoteSwiftPackageReference section */
		FA53FD292CBD22F800D08C95 /* XCRemoteSwiftPackageReference "firebase-ios-sdk" */ = {
			isa = XCRemoteSwiftPackageReference;
			repositoryURL = "https://github.com/firebase/firebase-ios-sdk";
			requirement = {
				kind = upToNextMajorVersion;
				minimumVersion = 11.3.0;
			};
		};
/* End XCRemoteSwiftPackageReference section */

/* Begin XCSwiftPackageProductDependency section */
		FA53FD2A2CBD22F800D08C95 /* FirebaseAnalytics */ = {
			isa = XCSwiftPackageProductDependency;
			package = FA53FD292CBD22F800D08C95 /* XCRemoteSwiftPackageReference "firebase-ios-sdk" */;
			productName = FirebaseAnalytics;
		};
		FA53FD2C2CBD22F800D08C95 /* FirebaseAnalyticsOnDeviceConversion */ = {
			isa = XCSwiftPackageProductDependency;
			package = FA53FD292CBD22F800D08C95 /* XCRemoteSwiftPackageReference "firebase-ios-sdk" */;
			productName = FirebaseAnalyticsOnDeviceConversion;
		};
		FA53FD2E2CBD22F800D08C95 /* FirebaseAnalyticsWithoutAdIdSupport */ = {
			isa = XCSwiftPackageProductDependency;
			package = FA53FD292CBD22F800D08C95 /* XCRemoteSwiftPackageReference "firebase-ios-sdk" */;
			productName = FirebaseAnalyticsWithoutAdIdSupport;
		};
		FA53FD302CBD22F800D08C95 /* FirebaseAppCheck */ = {
			isa = XCSwiftPackageProductDependency;
			package = FA53FD292CBD22F800D08C95 /* XCRemoteSwiftPackageReference "firebase-ios-sdk" */;
			productName = FirebaseAppCheck;
		};
		FA53FD322CBD22F800D08C95 /* FirebaseAppDistribution-Beta */ = {
			isa = XCSwiftPackageProductDependency;
			package = FA53FD292CBD22F800D08C95 /* XCRemoteSwiftPackageReference "firebase-ios-sdk" */;
			productName = "FirebaseAppDistribution-Beta";
		};
		FA53FD342CBD22F800D08C95 /* FirebaseCrashlytics */ = {
			isa = XCSwiftPackageProductDependency;
			package = FA53FD292CBD22F800D08C95 /* XCRemoteSwiftPackageReference "firebase-ios-sdk" */;
			productName = FirebaseCrashlytics;
		};
		FA53FD372CBD230A00D08C95 /* FirebaseAuth */ = {
			isa = XCSwiftPackageProductDependency;
			package = FA53FD292CBD22F800D08C95 /* XCRemoteSwiftPackageReference "firebase-ios-sdk" */;
			productName = FirebaseAuth;
		};
		FA53FD392CBD230F00D08C95 /* FirebaseStorage */ = {
			isa = XCSwiftPackageProductDependency;
			package = FA53FD292CBD22F800D08C95 /* XCRemoteSwiftPackageReference "firebase-ios-sdk" */;
			productName = FirebaseStorage;
		};
/* End XCSwiftPackageProductDependency section */
	};
	rootObject = CE75F27F2C8B152C001AD0A3 /* Project object */;
}
